
Microsoft Visual Studio Solution File, Format Version 12.00
# Visual Studio Version 17
VisualStudioVersion = 17.10.34916.146
MinimumVisualStudioVersion = 10.0.40219.1
Project("{FAE04EC0-301F-11D3-BF4B-00C04F79EFBC}") = "Cars", "Cars\Cars.csproj", "{A2377558-8C43-4523-9C09-244521CDC314}"
EndProject
Global
	GlobalSection(SolutionConfigurationPlatforms) = preSolution
		Debug|Any CPU = Debug|Any CPU
		Release|Any CPU = Release|Any CPU
	EndGlobalSection
	GlobalSection(ProjectConfigurationPlatforms) = postSolution
		{A2377558-8C43-4523-9C09-244521CDC314}.Debug|Any CPU.ActiveCfg = Debug|Any CPU
		{A2377558-8C43-4523-9C09-244521CDC314}.Debug|Any CPU.Build.0 = Debug|Any CPU
		{A2377558-8C43-4523-9C09-244521CDC314}.Release|Any CPU.ActiveCfg = Release|Any CPU
		{A2377558-8C43-4523-9C09-244521CDC314}.Release|Any CPU.Build.0 = Release|Any CPU
	EndGlobalSection
	GlobalSection(SolutionProperties) = preSolution
		HideSolutionNode = FALSE
	EndGlobalSection
	GlobalSection(ExtensibilityGlobals) = postSolution
		SolutionGuid = {6B52E490-7EA5-478E-933F-FFFF83E0E454}
	EndGlobalSection
EndGlobal
